// !$*UTF8*$!
{
	archiveVersion = 1;
	classes = {
	};
	objectVersion = 55;
	objects = {

/* Begin PBXBuildFile section */
		1E4F57382810CBCE00ED0397 /* MTMapViewError.swift in Sources */ = {isa = PBXBuildFile; fileRef = 1E4F57372810CBCE00ED0397 /* MTMapViewError.swift */; };
		1E51308D2810C03500857F54 /* AppDelegate.swift in Sources */ = {isa = PBXBuildFile; fileRef = 1E51308C2810C03500857F54 /* AppDelegate.swift */; };
		1E51308F2810C03500857F54 /* SceneDelegate.swift in Sources */ = {isa = PBXBuildFile; fileRef = 1E51308E2810C03500857F54 /* SceneDelegate.swift */; };
		1E5130912810C03500857F54 /* LocationInformationViewController.swift in Sources */ = {isa = PBXBuildFile; fileRef = 1E5130902810C03500857F54 /* LocationInformationViewController.swift */; };
		1E5130962810C03700857F54 /* Assets.xcassets in Resources */ = {isa = PBXBuildFile; fileRef = 1E5130952810C03700857F54 /* Assets.xcassets */; };
		1E5130992810C03700857F54 /* LaunchScreen.storyboard in Resources */ = {isa = PBXBuildFile; fileRef = 1E5130972810C03700857F54 /* LaunchScreen.storyboard */; };
		1E5130C72810C31300857F54 /* map_pinup_custom@3x.png in Resources */ = {isa = PBXBuildFile; fileRef = 1E5130A22810C31300857F54 /* map_pinup_custom@3x.png */; };
		1E5130C82810C31300857F54 /* map_pin_custom.png in Resources */ = {isa = PBXBuildFile; fileRef = 1E5130A32810C31300857F54 /* map_pin_custom.png */; };
		1E5130C92810C31300857F54 /* shadow_balloon.png in Resources */ = {isa = PBXBuildFile; fileRef = 1E5130A42810C31300857F54 /* shadow_balloon.png */; };
		1E5130CA2810C31300857F54 /* map_pinup.png in Resources */ = {isa = PBXBuildFile; fileRef = 1E5130A52810C31300857F54 /* map_pinup.png */; };
		1E5130CB2810C31300857F54 /* detail_button.png in Resources */ = {isa = PBXBuildFile; fileRef = 1E5130A62810C31300857F54 /* detail_button.png */; };
		1E5130CC2810C31300857F54 /* map_pin_custom@3x.png in Resources */ = {isa = PBXBuildFile; fileRef = 1E5130A72810C31300857F54 /* map_pin_custom@3x.png */; };
		1E5130CD2810C31300857F54 /* map_pinup@3x.png in Resources */ = {isa = PBXBuildFile; fileRef = 1E5130A82810C31300857F54 /* map_pinup@3x.png */; };
		1E5130CE2810C31300857F54 /* map_pin_shadow@3x.png in Resources */ = {isa = PBXBuildFile; fileRef = 1E5130A92810C31300857F54 /* map_pin_shadow@3x.png */; };
		1E5130CF2810C31300857F54 /* copyright.png in Resources */ = {isa = PBXBuildFile; fileRef = 1E5130AA2810C31300857F54 /* copyright.png */; };
		1E5130D02810C31300857F54 /* th_line.png in Resources */ = {isa = PBXBuildFile; fileRef = 1E5130AB2810C31300857F54 /* th_line.png */; };
		1E5130D12810C31300857F54 /* map_pin_red@3x.png in Resources */ = {isa = PBXBuildFile; fileRef = 1E5130AC2810C31300857F54 /* map_pin_red@3x.png */; };
		1E5130D22810C31300857F54 /* daum_copyright.png in Resources */ = {isa = PBXBuildFile; fileRef = 1E5130AD2810C31300857F54 /* daum_copyright.png */; };
		1E5130D32810C31300857F54 /* map_pin@3x.png in Resources */ = {isa = PBXBuildFile; fileRef = 1E5130AE2810C31300857F54 /* map_pin@3x.png */; };
		1E5130D42810C31300857F54 /* map_present_tracking.png in Resources */ = {isa = PBXBuildFile; fileRef = 1E5130AF2810C31300857F54 /* map_present_tracking.png */; };
		1E5130D52810C31300857F54 /* map_pin_red.png in Resources */ = {isa = PBXBuildFile; fileRef = 1E5130B02810C31300857F54 /* map_pin_red.png */; };
		1E5130D62810C31300857F54 /* info_box.png in Resources */ = {isa = PBXBuildFile; fileRef = 1E5130BA2810C31300857F54 /* info_box.png */; };
		1E5130D72810C31300857F54 /* point_sprite.png in Resources */ = {isa = PBXBuildFile; fileRef = 1E5130BB2810C31300857F54 /* point_sprite.png */; };
		1E5130D82810C31300857F54 /* map_pinup_custom.png in Resources */ = {isa = PBXBuildFile; fileRef = 1E5130BC2810C31300857F54 /* map_pinup_custom.png */; };
		1E5130D92810C31300857F54 /* info_box_tail.png in Resources */ = {isa = PBXBuildFile; fileRef = 1E5130BD2810C31300857F54 /* info_box_tail.png */; };
		1E5130DA2810C31300857F54 /* noimage256.png in Resources */ = {isa = PBXBuildFile; fileRef = 1E5130BE2810C31300857F54 /* noimage256.png */; };
		1E5130DB2810C31300857F54 /* map_present_direction.png in Resources */ = {isa = PBXBuildFile; fileRef = 1E5130BF2810C31300857F54 /* map_present_direction.png */; };
		1E5130DC2810C31300857F54 /* map_pin.png in Resources */ = {isa = PBXBuildFile; fileRef = 1E5130C02810C31300857F54 /* map_pin.png */; };
		1E5130DD2810C31300857F54 /* map_present.png in Resources */ = {isa = PBXBuildFile; fileRef = 1E5130C12810C31300857F54 /* map_present.png */; };
		1E5130DE2810C31300857F54 /* noimage.png in Resources */ = {isa = PBXBuildFile; fileRef = 1E5130C22810C31300857F54 /* noimage.png */; };
		1E5130DF2810C31300857F54 /* map_present_background_update.png in Resources */ = {isa = PBXBuildFile; fileRef = 1E5130C32810C31300857F54 /* map_present_background_update.png */; };
		1E5130E02810C31300857F54 /* daum_th_line.png in Resources */ = {isa = PBXBuildFile; fileRef = 1E5130C42810C31300857F54 /* daum_th_line.png */; };
		1E5130E12810C31300857F54 /* map_pin_shadow.png in Resources */ = {isa = PBXBuildFile; fileRef = 1E5130C52810C31300857F54 /* map_pin_shadow.png */; };
		1E5130E22810C31300857F54 /* DaumMap.framework in Frameworks */ = {isa = PBXBuildFile; fileRef = 1E5130C62810C31300857F54 /* DaumMap.framework */; };
		1E5130E72810C46C00857F54 /* OpenGLES.framework in Frameworks */ = {isa = PBXBuildFile; fileRef = 1E5130E62810C46C00857F54 /* OpenGLES.framework */; };
		1E5130E92810C47B00857F54 /* SystemConfiguration.framework in Frameworks */ = {isa = PBXBuildFile; fileRef = 1E5130E82810C47B00857F54 /* SystemConfiguration.framework */; };
		1E5130EB2810C4B400857F54 /* CoreLocation.framework in Frameworks */ = {isa = PBXBuildFile; fileRef = 1E5130EA2810C4B400857F54 /* CoreLocation.framework */; };
		1E5130ED2810C4BD00857F54 /* QuartzCore.framework in Frameworks */ = {isa = PBXBuildFile; fileRef = 1E5130EC2810C4BD00857F54 /* QuartzCore.framework */; };
		1E5130EF2810C4C900857F54 /* libc++.tbd in Frameworks */ = {isa = PBXBuildFile; fileRef = 1E5130EE2810C4C900857F54 /* libc++.tbd */; };
		1E5130F12810C4D000857F54 /* libxml2.tbd in Frameworks */ = {isa = PBXBuildFile; fileRef = 1E5130F02810C4D000857F54 /* libxml2.tbd */; };
		1E5130F32810C4DA00857F54 /* libsqlite3.tbd in Frameworks */ = {isa = PBXBuildFile; fileRef = 1E5130F22810C4DA00857F54 /* libsqlite3.tbd */; };
		1E5130F52810C54100857F54 /* Metal.framework in Frameworks */ = {isa = PBXBuildFile; fileRef = 1E5130F42810C54100857F54 /* Metal.framework */; };
		1E5130F72810C5C600857F54 /* LocationData.swift in Sources */ = {isa = PBXBuildFile; fileRef = 1E5130F62810C5C600857F54 /* LocationData.swift */; };
		1E5130FA2810C60A00857F54 /* KLDocument.swift in Sources */ = {isa = PBXBuildFile; fileRef = 1E5130F92810C60A00857F54 /* KLDocument.swift */; };
		1E5130FC2810C66A00857F54 /* DetailListCellData.swift in Sources */ = {isa = PBXBuildFile; fileRef = 1E5130FB2810C66A00857F54 /* DetailListCellData.swift */; };
		1E5130FF2810C77E00857F54 /* LocationInformationViewModel.swift in Sources */ = {isa = PBXBuildFile; fileRef = 1E5130FE2810C77E00857F54 /* LocationInformationViewModel.swift */; };
		1E7E4112281440FF00B42429 /* DetailListCell.swift in Sources */ = {isa = PBXBuildFile; fileRef = 1E7E4111281440FF00B42429 /* DetailListCell.swift */; };
		1E7E4114281442A200B42429 /* DetailListBackgroundView.swift in Sources */ = {isa = PBXBuildFile; fileRef = 1E7E4113281442A200B42429 /* DetailListBackgroundView.swift */; };
		1E7E4116281442AF00B42429 /* DetailListBackgroundViewModel.swift in Sources */ = {isa = PBXBuildFile; fileRef = 1E7E4115281442AF00B42429 /* DetailListBackgroundViewModel.swift */; };
		1EC1AC61281525BC00BED480 /* LocalAPI.swift in Sources */ = {isa = PBXBuildFile; fileRef = 1EC1AC60281525BC00BED480 /* LocalAPI.swift */; };
		1EC1AC64281526B800BED480 /* LocalNetwork.swift in Sources */ = {isa = PBXBuildFile; fileRef = 1EC1AC63281526B800BED480 /* LocalNetwork.swift */; };
		1EC1AC662815282200BED480 /* LocationInformationModel.swift in Sources */ = {isa = PBXBuildFile; fileRef = 1EC1AC652815282200BED480 /* LocationInformationModel.swift */; };
		1EC1ACAC2815332F00BED480 /* KakaoMapRxSwiftTests.swift in Sources */ = {isa = PBXBuildFile; fileRef = 1EC1ACAB2815332F00BED480 /* KakaoMapRxSwiftTests.swift */; };
		594F3BF3A990CA4240E95F30 /* Pods_KakaoMapRxSwiftTests.framework in Frameworks */ = {isa = PBXBuildFile; fileRef = F2F51D4D43007BBF967C0526 /* Pods_KakaoMapRxSwiftTests.framework */; };
		7D108058F335D52FAD1C2D89 /* Pods_KakaoMapRxSwift.framework in Frameworks */ = {isa = PBXBuildFile; fileRef = C6FB285B76DF1F481E421225 /* Pods_KakaoMapRxSwift.framework */; };
/* End PBXBuildFile section */

/* Begin PBXContainerItemProxy section */
		1EC1ACAD2815332F00BED480 /* PBXContainerItemProxy */ = {
			isa = PBXContainerItemProxy;
			containerPortal = 1E5130812810C03500857F54 /* Project object */;
			proxyType = 1;
			remoteGlobalIDString = 1E5130882810C03500857F54;
			remoteInfo = KakaoMapRxSwift;
		};
/* End PBXContainerItemProxy section */

/* Begin PBXFileReference section */
		1E4F57372810CBCE00ED0397 /* MTMapViewError.swift */ = {isa = PBXFileReference; lastKnownFileType = sourcecode.swift; path = MTMapViewError.swift; sourceTree = "<group>"; };
		1E5130892810C03500857F54 /* KakaoMapRxSwift.app */ = {isa = PBXFileReference; explicitFileType = wrapper.application; includeInIndex = 0; path = KakaoMapRxSwift.app; sourceTree = BUILT_PRODUCTS_DIR; };
		1E51308C2810C03500857F54 /* AppDelegate.swift */ = {isa = PBXFileReference; lastKnownFileType = sourcecode.swift; path = AppDelegate.swift; sourceTree = "<group>"; };
		1E51308E2810C03500857F54 /* SceneDelegate.swift */ = {isa = PBXFileReference; lastKnownFileType = sourcecode.swift; path = SceneDelegate.swift; sourceTree = "<group>"; };
		1E5130902810C03500857F54 /* LocationInformationViewController.swift */ = {isa = PBXFileReference; lastKnownFileType = sourcecode.swift; path = LocationInformationViewController.swift; sourceTree = "<group>"; };
		1E5130952810C03700857F54 /* Assets.xcassets */ = {isa = PBXFileReference; lastKnownFileType = folder.assetcatalog; path = Assets.xcassets; sourceTree = "<group>"; };
		1E5130982810C03700857F54 /* Base */ = {isa = PBXFileReference; lastKnownFileType = file.storyboard; name = Base; path = Base.lproj/LaunchScreen.storyboard; sourceTree = "<group>"; };
		1E51309A2810C03700857F54 /* Info.plist */ = {isa = PBXFileReference; lastKnownFileType = text.plist.xml; path = Info.plist; sourceTree = "<group>"; };
		1E5130A22810C31300857F54 /* map_pinup_custom@3x.png */ = {isa = PBXFileReference; lastKnownFileType = image.png; path = "map_pinup_custom@3x.png"; sourceTree = "<group>"; };
		1E5130A32810C31300857F54 /* map_pin_custom.png */ = {isa = PBXFileReference; lastKnownFileType = image.png; path = map_pin_custom.png; sourceTree = "<group>"; };
		1E5130A42810C31300857F54 /* shadow_balloon.png */ = {isa = PBXFileReference; lastKnownFileType = image.png; path = shadow_balloon.png; sourceTree = "<group>"; };
		1E5130A52810C31300857F54 /* map_pinup.png */ = {isa = PBXFileReference; lastKnownFileType = image.png; path = map_pinup.png; sourceTree = "<group>"; };
		1E5130A62810C31300857F54 /* detail_button.png */ = {isa = PBXFileReference; lastKnownFileType = image.png; path = detail_button.png; sourceTree = "<group>"; };
		1E5130A72810C31300857F54 /* map_pin_custom@3x.png */ = {isa = PBXFileReference; lastKnownFileType = image.png; path = "map_pin_custom@3x.png"; sourceTree = "<group>"; };
		1E5130A82810C31300857F54 /* map_pinup@3x.png */ = {isa = PBXFileReference; lastKnownFileType = image.png; path = "map_pinup@3x.png"; sourceTree = "<group>"; };
		1E5130A92810C31300857F54 /* map_pin_shadow@3x.png */ = {isa = PBXFileReference; lastKnownFileType = image.png; path = "map_pin_shadow@3x.png"; sourceTree = "<group>"; };
		1E5130AA2810C31300857F54 /* copyright.png */ = {isa = PBXFileReference; lastKnownFileType = image.png; path = copyright.png; sourceTree = "<group>"; };
		1E5130AB2810C31300857F54 /* th_line.png */ = {isa = PBXFileReference; lastKnownFileType = image.png; path = th_line.png; sourceTree = "<group>"; };
		1E5130AC2810C31300857F54 /* map_pin_red@3x.png */ = {isa = PBXFileReference; lastKnownFileType = image.png; path = "map_pin_red@3x.png"; sourceTree = "<group>"; };
		1E5130AD2810C31300857F54 /* daum_copyright.png */ = {isa = PBXFileReference; lastKnownFileType = image.png; path = daum_copyright.png; sourceTree = "<group>"; };
		1E5130AE2810C31300857F54 /* map_pin@3x.png */ = {isa = PBXFileReference; lastKnownFileType = image.png; path = "map_pin@3x.png"; sourceTree = "<group>"; };
		1E5130AF2810C31300857F54 /* map_present_tracking.png */ = {isa = PBXFileReference; lastKnownFileType = image.png; path = map_present_tracking.png; sourceTree = "<group>"; };
		1E5130B02810C31300857F54 /* map_pin_red.png */ = {isa = PBXFileReference; lastKnownFileType = image.png; path = map_pin_red.png; sourceTree = "<group>"; };
		1E5130B22810C31300857F54 /* MTMapPOIItem.h */ = {isa = PBXFileReference; fileEncoding = 4; lastKnownFileType = sourcecode.c.h; path = MTMapPOIItem.h; sourceTree = "<group>"; };
		1E5130B32810C31300857F54 /* MTMapCameraUpdate.h */ = {isa = PBXFileReference; fileEncoding = 4; lastKnownFileType = sourcecode.c.h; path = MTMapCameraUpdate.h; sourceTree = "<group>"; };
		1E5130B42810C31300857F54 /* MTMapReverseGeoCoder.h */ = {isa = PBXFileReference; fileEncoding = 4; lastKnownFileType = sourcecode.c.h; path = MTMapReverseGeoCoder.h; sourceTree = "<group>"; };
		1E5130B52810C31300857F54 /* MTMapPolyline.h */ = {isa = PBXFileReference; fileEncoding = 4; lastKnownFileType = sourcecode.c.h; path = MTMapPolyline.h; sourceTree = "<group>"; };
		1E5130B62810C31300857F54 /* MTMapLocationMarkerItem.h */ = {isa = PBXFileReference; fileEncoding = 4; lastKnownFileType = sourcecode.c.h; path = MTMapLocationMarkerItem.h; sourceTree = "<group>"; };
		1E5130B72810C31300857F54 /* MTMapView.h */ = {isa = PBXFileReference; fileEncoding = 4; lastKnownFileType = sourcecode.c.h; path = MTMapView.h; sourceTree = "<group>"; };
		1E5130B82810C31300857F54 /* MTMapGeometry.h */ = {isa = PBXFileReference; fileEncoding = 4; lastKnownFileType = sourcecode.c.h; path = MTMapGeometry.h; sourceTree = "<group>"; };
		1E5130B92810C31300857F54 /* MTMapCircle.h */ = {isa = PBXFileReference; fileEncoding = 4; lastKnownFileType = sourcecode.c.h; path = MTMapCircle.h; sourceTree = "<group>"; };
		1E5130BA2810C31300857F54 /* info_box.png */ = {isa = PBXFileReference; lastKnownFileType = image.png; path = info_box.png; sourceTree = "<group>"; };
		1E5130BB2810C31300857F54 /* point_sprite.png */ = {isa = PBXFileReference; lastKnownFileType = image.png; path = point_sprite.png; sourceTree = "<group>"; };
		1E5130BC2810C31300857F54 /* map_pinup_custom.png */ = {isa = PBXFileReference; lastKnownFileType = image.png; path = map_pinup_custom.png; sourceTree = "<group>"; };
		1E5130BD2810C31300857F54 /* info_box_tail.png */ = {isa = PBXFileReference; lastKnownFileType = image.png; path = info_box_tail.png; sourceTree = "<group>"; };
		1E5130BE2810C31300857F54 /* noimage256.png */ = {isa = PBXFileReference; lastKnownFileType = image.png; path = noimage256.png; sourceTree = "<group>"; };
		1E5130BF2810C31300857F54 /* map_present_direction.png */ = {isa = PBXFileReference; lastKnownFileType = image.png; path = map_present_direction.png; sourceTree = "<group>"; };
		1E5130C02810C31300857F54 /* map_pin.png */ = {isa = PBXFileReference; lastKnownFileType = image.png; path = map_pin.png; sourceTree = "<group>"; };
		1E5130C12810C31300857F54 /* map_present.png */ = {isa = PBXFileReference; lastKnownFileType = image.png; path = map_present.png; sourceTree = "<group>"; };
		1E5130C22810C31300857F54 /* noimage.png */ = {isa = PBXFileReference; lastKnownFileType = image.png; path = noimage.png; sourceTree = "<group>"; };
		1E5130C32810C31300857F54 /* map_present_background_update.png */ = {isa = PBXFileReference; lastKnownFileType = image.png; path = map_present_background_update.png; sourceTree = "<group>"; };
		1E5130C42810C31300857F54 /* daum_th_line.png */ = {isa = PBXFileReference; lastKnownFileType = image.png; path = daum_th_line.png; sourceTree = "<group>"; };
		1E5130C52810C31300857F54 /* map_pin_shadow.png */ = {isa = PBXFileReference; lastKnownFileType = image.png; path = map_pin_shadow.png; sourceTree = "<group>"; };
		1E5130C62810C31300857F54 /* DaumMap.framework */ = {isa = PBXFileReference; lastKnownFileType = wrapper.framework; path = DaumMap.framework; sourceTree = "<group>"; };
		1E5130E52810C42F00857F54 /* BridgingHeader.h */ = {isa = PBXFileReference; lastKnownFileType = sourcecode.c.h; path = BridgingHeader.h; sourceTree = "<group>"; };
		1E5130E62810C46C00857F54 /* OpenGLES.framework */ = {isa = PBXFileReference; lastKnownFileType = wrapper.framework; name = OpenGLES.framework; path = System/Library/Frameworks/OpenGLES.framework; sourceTree = SDKROOT; };
		1E5130E82810C47B00857F54 /* SystemConfiguration.framework */ = {isa = PBXFileReference; lastKnownFileType = wrapper.framework; name = SystemConfiguration.framework; path = System/Library/Frameworks/SystemConfiguration.framework; sourceTree = SDKROOT; };
		1E5130EA2810C4B400857F54 /* CoreLocation.framework */ = {isa = PBXFileReference; lastKnownFileType = wrapper.framework; name = CoreLocation.framework; path = System/Library/Frameworks/CoreLocation.framework; sourceTree = SDKROOT; };
		1E5130EC2810C4BD00857F54 /* QuartzCore.framework */ = {isa = PBXFileReference; lastKnownFileType = wrapper.framework; name = QuartzCore.framework; path = System/Library/Frameworks/QuartzCore.framework; sourceTree = SDKROOT; };
		1E5130EE2810C4C900857F54 /* libc++.tbd */ = {isa = PBXFileReference; lastKnownFileType = "sourcecode.text-based-dylib-definition"; name = "libc++.tbd"; path = "usr/lib/libc++.tbd"; sourceTree = SDKROOT; };
		1E5130F02810C4D000857F54 /* libxml2.tbd */ = {isa = PBXFileReference; lastKnownFileType = "sourcecode.text-based-dylib-definition"; name = libxml2.tbd; path = usr/lib/libxml2.tbd; sourceTree = SDKROOT; };
		1E5130F22810C4DA00857F54 /* libsqlite3.tbd */ = {isa = PBXFileReference; lastKnownFileType = "sourcecode.text-based-dylib-definition"; name = libsqlite3.tbd; path = usr/lib/libsqlite3.tbd; sourceTree = SDKROOT; };
		1E5130F42810C54100857F54 /* Metal.framework */ = {isa = PBXFileReference; lastKnownFileType = wrapper.framework; name = Metal.framework; path = System/Library/Frameworks/Metal.framework; sourceTree = SDKROOT; };
		1E5130F62810C5C600857F54 /* LocationData.swift */ = {isa = PBXFileReference; lastKnownFileType = sourcecode.swift; path = LocationData.swift; sourceTree = "<group>"; };
		1E5130F92810C60A00857F54 /* KLDocument.swift */ = {isa = PBXFileReference; lastKnownFileType = sourcecode.swift; path = KLDocument.swift; sourceTree = "<group>"; };
		1E5130FB2810C66A00857F54 /* DetailListCellData.swift */ = {isa = PBXFileReference; lastKnownFileType = sourcecode.swift; path = DetailListCellData.swift; sourceTree = "<group>"; };
		1E5130FE2810C77E00857F54 /* LocationInformationViewModel.swift */ = {isa = PBXFileReference; lastKnownFileType = sourcecode.swift; path = LocationInformationViewModel.swift; sourceTree = "<group>"; };
		1E7E4111281440FF00B42429 /* DetailListCell.swift */ = {isa = PBXFileReference; lastKnownFileType = sourcecode.swift; path = DetailListCell.swift; sourceTree = "<group>"; };
		1E7E4113281442A200B42429 /* DetailListBackgroundView.swift */ = {isa = PBXFileReference; lastKnownFileType = sourcecode.swift; path = DetailListBackgroundView.swift; sourceTree = "<group>"; };
		1E7E4115281442AF00B42429 /* DetailListBackgroundViewModel.swift */ = {isa = PBXFileReference; lastKnownFileType = sourcecode.swift; path = DetailListBackgroundViewModel.swift; sourceTree = "<group>"; };
		1EC1AC60281525BC00BED480 /* LocalAPI.swift */ = {isa = PBXFileReference; lastKnownFileType = sourcecode.swift; path = LocalAPI.swift; sourceTree = "<group>"; };
		1EC1AC63281526B800BED480 /* LocalNetwork.swift */ = {isa = PBXFileReference; lastKnownFileType = sourcecode.swift; path = LocalNetwork.swift; sourceTree = "<group>"; };
		1EC1AC652815282200BED480 /* LocationInformationModel.swift */ = {isa = PBXFileReference; lastKnownFileType = sourcecode.swift; path = LocationInformationModel.swift; sourceTree = "<group>"; };
		1EC1ACA92815332F00BED480 /* KakaoMapRxSwiftTests.xctest */ = {isa = PBXFileReference; explicitFileType = wrapper.cfbundle; includeInIndex = 0; path = KakaoMapRxSwiftTests.xctest; sourceTree = BUILT_PRODUCTS_DIR; };
		1EC1ACAB2815332F00BED480 /* KakaoMapRxSwiftTests.swift */ = {isa = PBXFileReference; lastKnownFileType = sourcecode.swift; path = KakaoMapRxSwiftTests.swift; sourceTree = "<group>"; };
		261F504470633492F2BC4F67 /* Pods-KakaoMapRxSwift.release.xcconfig */ = {isa = PBXFileReference; includeInIndex = 1; lastKnownFileType = text.xcconfig; name = "Pods-KakaoMapRxSwift.release.xcconfig"; path = "Target Support Files/Pods-KakaoMapRxSwift/Pods-KakaoMapRxSwift.release.xcconfig"; sourceTree = "<group>"; };
		2F0C3F54CA46EF946EB7648F /* Pods-KakaoMapRxSwiftTests.release.xcconfig */ = {isa = PBXFileReference; includeInIndex = 1; lastKnownFileType = text.xcconfig; name = "Pods-KakaoMapRxSwiftTests.release.xcconfig"; path = "Target Support Files/Pods-KakaoMapRxSwiftTests/Pods-KakaoMapRxSwiftTests.release.xcconfig"; sourceTree = "<group>"; };
		7A135976ACE125E74A933085 /* Pods-KakaoMapRxSwift.debug.xcconfig */ = {isa = PBXFileReference; includeInIndex = 1; lastKnownFileType = text.xcconfig; name = "Pods-KakaoMapRxSwift.debug.xcconfig"; path = "Target Support Files/Pods-KakaoMapRxSwift/Pods-KakaoMapRxSwift.debug.xcconfig"; sourceTree = "<group>"; };
		C379DD9A23C46F9D1EAC1DCD /* Pods-KakaoMapRxSwiftTests.debug.xcconfig */ = {isa = PBXFileReference; includeInIndex = 1; lastKnownFileType = text.xcconfig; name = "Pods-KakaoMapRxSwiftTests.debug.xcconfig"; path = "Target Support Files/Pods-KakaoMapRxSwiftTests/Pods-KakaoMapRxSwiftTests.debug.xcconfig"; sourceTree = "<group>"; };
		C6FB285B76DF1F481E421225 /* Pods_KakaoMapRxSwift.framework */ = {isa = PBXFileReference; explicitFileType = wrapper.framework; includeInIndex = 0; path = Pods_KakaoMapRxSwift.framework; sourceTree = BUILT_PRODUCTS_DIR; };
		F2F51D4D43007BBF967C0526 /* Pods_KakaoMapRxSwiftTests.framework */ = {isa = PBXFileReference; explicitFileType = wrapper.framework; includeInIndex = 0; path = Pods_KakaoMapRxSwiftTests.framework; sourceTree = BUILT_PRODUCTS_DIR; };
/* End PBXFileReference section */

/* Begin PBXFrameworksBuildPhase section */
		1E5130862810C03500857F54 /* Frameworks */ = {
			isa = PBXFrameworksBuildPhase;
			buildActionMask = 2147483647;
			files = (
				1E5130F52810C54100857F54 /* Metal.framework in Frameworks */,
				1E5130F32810C4DA00857F54 /* libsqlite3.tbd in Frameworks */,
				1E5130F12810C4D000857F54 /* libxml2.tbd in Frameworks */,
				1E5130EF2810C4C900857F54 /* libc++.tbd in Frameworks */,
				1E5130ED2810C4BD00857F54 /* QuartzCore.framework in Frameworks */,
				1E5130EB2810C4B400857F54 /* CoreLocation.framework in Frameworks */,
				1E5130E92810C47B00857F54 /* SystemConfiguration.framework in Frameworks */,
				1E5130E72810C46C00857F54 /* OpenGLES.framework in Frameworks */,
				1E5130E22810C31300857F54 /* DaumMap.framework in Frameworks */,
				7D108058F335D52FAD1C2D89 /* Pods_KakaoMapRxSwift.framework in Frameworks */,
			);
			runOnlyForDeploymentPostprocessing = 0;
		};
		1EC1ACA62815332F00BED480 /* Frameworks */ = {
			isa = PBXFrameworksBuildPhase;
			buildActionMask = 2147483647;
			files = (
				594F3BF3A990CA4240E95F30 /* Pods_KakaoMapRxSwiftTests.framework in Frameworks */,
			);
			runOnlyForDeploymentPostprocessing = 0;
		};
/* End PBXFrameworksBuildPhase section */

/* Begin PBXGroup section */
		1827406027C44570BEA653F4 /* Frameworks */ = {
			isa = PBXGroup;
			children = (
				1E5130F42810C54100857F54 /* Metal.framework */,
				1E5130F22810C4DA00857F54 /* libsqlite3.tbd */,
				1E5130F02810C4D000857F54 /* libxml2.tbd */,
				1E5130EE2810C4C900857F54 /* libc++.tbd */,
				1E5130EC2810C4BD00857F54 /* QuartzCore.framework */,
				1E5130EA2810C4B400857F54 /* CoreLocation.framework */,
				1E5130E82810C47B00857F54 /* SystemConfiguration.framework */,
				1E5130E62810C46C00857F54 /* OpenGLES.framework */,
				1E5130A02810C31300857F54 /* DaumMap.embeddedframework */,
				C6FB285B76DF1F481E421225 /* Pods_KakaoMapRxSwift.framework */,
				F2F51D4D43007BBF967C0526 /* Pods_KakaoMapRxSwiftTests.framework */,
			);
			name = Frameworks;
			sourceTree = "<group>";
		};
		1DB715C3BED9A54535A693EA /* Pods */ = {
			isa = PBXGroup;
			children = (
				7A135976ACE125E74A933085 /* Pods-KakaoMapRxSwift.debug.xcconfig */,
				261F504470633492F2BC4F67 /* Pods-KakaoMapRxSwift.release.xcconfig */,
				C379DD9A23C46F9D1EAC1DCD /* Pods-KakaoMapRxSwiftTests.debug.xcconfig */,
				2F0C3F54CA46EF946EB7648F /* Pods-KakaoMapRxSwiftTests.release.xcconfig */,
			);
			name = Pods;
			path = Pods;
			sourceTree = "<group>";
		};
		1E5130802810C03500857F54 = {
			isa = PBXGroup;
			children = (
				1E51308B2810C03500857F54 /* KakaoMapRxSwift */,
				1EC1ACAA2815332F00BED480 /* KakaoMapRxSwiftTests */,
				1E51308A2810C03500857F54 /* Products */,
				1827406027C44570BEA653F4 /* Frameworks */,
				1DB715C3BED9A54535A693EA /* Pods */,
			);
			sourceTree = "<group>";
		};
		1E51308A2810C03500857F54 /* Products */ = {
			isa = PBXGroup;
			children = (
				1E5130892810C03500857F54 /* KakaoMapRxSwift.app */,
				1EC1ACA92815332F00BED480 /* KakaoMapRxSwiftTests.xctest */,
			);
			name = Products;
			sourceTree = "<group>";
		};
		1E51308B2810C03500857F54 /* KakaoMapRxSwift */ = {
			isa = PBXGroup;
			children = (
				1E5130E52810C42F00857F54 /* BridgingHeader.h */,
				1E51308C2810C03500857F54 /* AppDelegate.swift */,
				1E51308E2810C03500857F54 /* SceneDelegate.swift */,
				1EC1AC62281525C100BED480 /* Network */,
				1E5130FD2810C75700857F54 /* Presentation */,
				1E5130F82810C5CC00857F54 /* Entities */,
				1E5130952810C03700857F54 /* Assets.xcassets */,
				1E5130972810C03700857F54 /* LaunchScreen.storyboard */,
				1E51309A2810C03700857F54 /* Info.plist */,
			);
			path = KakaoMapRxSwift;
			sourceTree = "<group>";
		};
		1E5130A02810C31300857F54 /* DaumMap.embeddedframework */ = {
			isa = PBXGroup;
			children = (
				1E5130A12810C31300857F54 /* Resources */,
				1E5130C62810C31300857F54 /* DaumMap.framework */,
			);
			path = DaumMap.embeddedframework;
			sourceTree = "<group>";
		};
		1E5130A12810C31300857F54 /* Resources */ = {
			isa = PBXGroup;
			children = (
				1E5130A22810C31300857F54 /* map_pinup_custom@3x.png */,
				1E5130A32810C31300857F54 /* map_pin_custom.png */,
				1E5130A42810C31300857F54 /* shadow_balloon.png */,
				1E5130A52810C31300857F54 /* map_pinup.png */,
				1E5130A62810C31300857F54 /* detail_button.png */,
				1E5130A72810C31300857F54 /* map_pin_custom@3x.png */,
				1E5130A82810C31300857F54 /* map_pinup@3x.png */,
				1E5130A92810C31300857F54 /* map_pin_shadow@3x.png */,
				1E5130AA2810C31300857F54 /* copyright.png */,
				1E5130AB2810C31300857F54 /* th_line.png */,
				1E5130AC2810C31300857F54 /* map_pin_red@3x.png */,
				1E5130AD2810C31300857F54 /* daum_copyright.png */,
				1E5130AE2810C31300857F54 /* map_pin@3x.png */,
				1E5130AF2810C31300857F54 /* map_present_tracking.png */,
				1E5130B02810C31300857F54 /* map_pin_red.png */,
				1E5130B12810C31300857F54 /* Headers */,
				1E5130BA2810C31300857F54 /* info_box.png */,
				1E5130BB2810C31300857F54 /* point_sprite.png */,
				1E5130BC2810C31300857F54 /* map_pinup_custom.png */,
				1E5130BD2810C31300857F54 /* info_box_tail.png */,
				1E5130BE2810C31300857F54 /* noimage256.png */,
				1E5130BF2810C31300857F54 /* map_present_direction.png */,
				1E5130C02810C31300857F54 /* map_pin.png */,
				1E5130C12810C31300857F54 /* map_present.png */,
				1E5130C22810C31300857F54 /* noimage.png */,
				1E5130C32810C31300857F54 /* map_present_background_update.png */,
				1E5130C42810C31300857F54 /* daum_th_line.png */,
				1E5130C52810C31300857F54 /* map_pin_shadow.png */,
			);
			path = Resources;
			sourceTree = "<group>";
		};
		1E5130B12810C31300857F54 /* Headers */ = {
			isa = PBXGroup;
			children = (
				1E5130B22810C31300857F54 /* MTMapPOIItem.h */,
				1E5130B32810C31300857F54 /* MTMapCameraUpdate.h */,
				1E5130B42810C31300857F54 /* MTMapReverseGeoCoder.h */,
				1E5130B52810C31300857F54 /* MTMapPolyline.h */,
				1E5130B62810C31300857F54 /* MTMapLocationMarkerItem.h */,
				1E5130B72810C31300857F54 /* MTMapView.h */,
				1E5130B82810C31300857F54 /* MTMapGeometry.h */,
				1E5130B92810C31300857F54 /* MTMapCircle.h */,
			);
			path = Headers;
			sourceTree = "<group>";
		};
		1E5130F82810C5CC00857F54 /* Entities */ = {
			isa = PBXGroup;
			children = (
				1E5130F62810C5C600857F54 /* LocationData.swift */,
				1E5130F92810C60A00857F54 /* KLDocument.swift */,
				1E5130FB2810C66A00857F54 /* DetailListCellData.swift */,
				1E4F57372810CBCE00ED0397 /* MTMapViewError.swift */,
			);
			path = Entities;
			sourceTree = "<group>";
		};
		1E5130FD2810C75700857F54 /* Presentation */ = {
			isa = PBXGroup;
			children = (
				1EC1AC672815282600BED480 /* LocationInfo */,
				1E7E4111281440FF00B42429 /* DetailListCell.swift */,
				1E7E4113281442A200B42429 /* DetailListBackgroundView.swift */,
				1E7E4115281442AF00B42429 /* DetailListBackgroundViewModel.swift */,
			);
			path = Presentation;
			sourceTree = "<group>";
		};
		1EC1AC62281525C100BED480 /* Network */ = {
			isa = PBXGroup;
			children = (
				1EC1AC60281525BC00BED480 /* LocalAPI.swift */,
				1EC1AC63281526B800BED480 /* LocalNetwork.swift */,
			);
			path = Network;
			sourceTree = "<group>";
		};
		1EC1AC672815282600BED480 /* LocationInfo */ = {
			isa = PBXGroup;
			children = (
				1E5130902810C03500857F54 /* LocationInformationViewController.swift */,
				1E5130FE2810C77E00857F54 /* LocationInformationViewModel.swift */,
				1EC1AC652815282200BED480 /* LocationInformationModel.swift */,
			);
			path = LocationInfo;
			sourceTree = "<group>";
		};
		1EC1ACAA2815332F00BED480 /* KakaoMapRxSwiftTests */ = {
			isa = PBXGroup;
			children = (
				1EC1ACAB2815332F00BED480 /* KakaoMapRxSwiftTests.swift */,
			);
			path = KakaoMapRxSwiftTests;
			sourceTree = "<group>";
		};
/* End PBXGroup section */

/* Begin PBXNativeTarget section */
		1E5130882810C03500857F54 /* KakaoMapRxSwift */ = {
			isa = PBXNativeTarget;
			buildConfigurationList = 1E51309D2810C03700857F54 /* Build configuration list for PBXNativeTarget "KakaoMapRxSwift" */;
			buildPhases = (
				ADF99E507A7AA8ACA0BB7218 /* [CP] Check Pods Manifest.lock */,
				1E5130852810C03500857F54 /* Sources */,
				1E5130862810C03500857F54 /* Frameworks */,
				1E5130872810C03500857F54 /* Resources */,
				0CA60BDED099AB2EAFFE751E /* [CP] Embed Pods Frameworks */,
			);
			buildRules = (
			);
			dependencies = (
			);
			name = KakaoMapRxSwift;
			productName = KakaoMapRxSwift;
			productReference = 1E5130892810C03500857F54 /* KakaoMapRxSwift.app */;
			productType = "com.apple.product-type.application";
		};
		1EC1ACA82815332F00BED480 /* KakaoMapRxSwiftTests */ = {
			isa = PBXNativeTarget;
			buildConfigurationList = 1EC1ACAF2815332F00BED480 /* Build configuration list for PBXNativeTarget "KakaoMapRxSwiftTests" */;
			buildPhases = (
				EC984DB46879B4491C47C9A0 /* [CP] Check Pods Manifest.lock */,
				1EC1ACA52815332F00BED480 /* Sources */,
				1EC1ACA62815332F00BED480 /* Frameworks */,
				1EC1ACA72815332F00BED480 /* Resources */,
				73AE71A3D0CB5F4C86EB9D68 /* [CP] Embed Pods Frameworks */,
			);
			buildRules = (
			);
			dependencies = (
				1EC1ACAE2815332F00BED480 /* PBXTargetDependency */,
			);
			name = KakaoMapRxSwiftTests;
			productName = KakaoMapRxSwiftTests;
			productReference = 1EC1ACA92815332F00BED480 /* KakaoMapRxSwiftTests.xctest */;
			productType = "com.apple.product-type.bundle.unit-test";
		};
/* End PBXNativeTarget section */

/* Begin PBXProject section */
		1E5130812810C03500857F54 /* Project object */ = {
			isa = PBXProject;
			attributes = {
				BuildIndependentTargetsInParallel = 1;
				LastSwiftUpdateCheck = 1320;
				LastUpgradeCheck = 1320;
				TargetAttributes = {
					1E5130882810C03500857F54 = {
						CreatedOnToolsVersion = 13.2.1;
					};
					1EC1ACA82815332F00BED480 = {
						CreatedOnToolsVersion = 13.2.1;
						TestTargetID = 1E5130882810C03500857F54;
					};
				};
			};
			buildConfigurationList = 1E5130842810C03500857F54 /* Build configuration list for PBXProject "KakaoMapRxSwift" */;
			compatibilityVersion = "Xcode 13.0";
			developmentRegion = en;
			hasScannedForEncodings = 0;
			knownRegions = (
				en,
				Base,
			);
			mainGroup = 1E5130802810C03500857F54;
			productRefGroup = 1E51308A2810C03500857F54 /* Products */;
			projectDirPath = "";
			projectRoot = "";
			targets = (
				1E5130882810C03500857F54 /* KakaoMapRxSwift */,
				1EC1ACA82815332F00BED480 /* KakaoMapRxSwiftTests */,
			);
		};
/* End PBXProject section */

/* Begin PBXResourcesBuildPhase section */
		1E5130872810C03500857F54 /* Resources */ = {
			isa = PBXResourcesBuildPhase;
			buildActionMask = 2147483647;
			files = (
				1E5130DD2810C31300857F54 /* map_present.png in Resources */,
				1E5130D32810C31300857F54 /* map_pin@3x.png in Resources */,
				1E5130D12810C31300857F54 /* map_pin_red@3x.png in Resources */,
				1E5130DC2810C31300857F54 /* map_pin.png in Resources */,
				1E5130D52810C31300857F54 /* map_pin_red.png in Resources */,
				1E5130C72810C31300857F54 /* map_pinup_custom@3x.png in Resources */,
				1E5130CF2810C31300857F54 /* copyright.png in Resources */,
				1E5130CE2810C31300857F54 /* map_pin_shadow@3x.png in Resources */,
				1E5130992810C03700857F54 /* LaunchScreen.storyboard in Resources */,
				1E5130D22810C31300857F54 /* daum_copyright.png in Resources */,
				1E5130D62810C31300857F54 /* info_box.png in Resources */,
				1E5130CC2810C31300857F54 /* map_pin_custom@3x.png in Resources */,
				1E5130E12810C31300857F54 /* map_pin_shadow.png in Resources */,
				1E5130D42810C31300857F54 /* map_present_tracking.png in Resources */,
				1E5130CB2810C31300857F54 /* detail_button.png in Resources */,
				1E5130DE2810C31300857F54 /* noimage.png in Resources */,
				1E5130D02810C31300857F54 /* th_line.png in Resources */,
				1E5130D92810C31300857F54 /* info_box_tail.png in Resources */,
				1E5130C82810C31300857F54 /* map_pin_custom.png in Resources */,
				1E5130D82810C31300857F54 /* map_pinup_custom.png in Resources */,
				1E5130CD2810C31300857F54 /* map_pinup@3x.png in Resources */,
				1E5130D72810C31300857F54 /* point_sprite.png in Resources */,
				1E5130DF2810C31300857F54 /* map_present_background_update.png in Resources */,
				1E5130DB2810C31300857F54 /* map_present_direction.png in Resources */,
				1E5130DA2810C31300857F54 /* noimage256.png in Resources */,
				1E5130C92810C31300857F54 /* shadow_balloon.png in Resources */,
				1E5130962810C03700857F54 /* Assets.xcassets in Resources */,
				1E5130E02810C31300857F54 /* daum_th_line.png in Resources */,
				1E5130CA2810C31300857F54 /* map_pinup.png in Resources */,
			);
			runOnlyForDeploymentPostprocessing = 0;
		};
		1EC1ACA72815332F00BED480 /* Resources */ = {
			isa = PBXResourcesBuildPhase;
			buildActionMask = 2147483647;
			files = (
			);
			runOnlyForDeploymentPostprocessing = 0;
		};
/* End PBXResourcesBuildPhase section */

/* Begin PBXShellScriptBuildPhase section */
		0CA60BDED099AB2EAFFE751E /* [CP] Embed Pods Frameworks */ = {
			isa = PBXShellScriptBuildPhase;
			buildActionMask = 2147483647;
			files = (
			);
			inputFileListPaths = (
				"${PODS_ROOT}/Target Support Files/Pods-KakaoMapRxSwift/Pods-KakaoMapRxSwift-frameworks-${CONFIGURATION}-input-files.xcfilelist",
			);
			name = "[CP] Embed Pods Frameworks";
			outputFileListPaths = (
				"${PODS_ROOT}/Target Support Files/Pods-KakaoMapRxSwift/Pods-KakaoMapRxSwift-frameworks-${CONFIGURATION}-output-files.xcfilelist",
			);
			runOnlyForDeploymentPostprocessing = 0;
			shellPath = /bin/sh;
			shellScript = "\"${PODS_ROOT}/Target Support Files/Pods-KakaoMapRxSwift/Pods-KakaoMapRxSwift-frameworks.sh\"\n";
			showEnvVarsInLog = 0;
		};
		73AE71A3D0CB5F4C86EB9D68 /* [CP] Embed Pods Frameworks */ = {
			isa = PBXShellScriptBuildPhase;
			buildActionMask = 2147483647;
			files = (
			);
			inputFileListPaths = (
				"${PODS_ROOT}/Target Support Files/Pods-KakaoMapRxSwiftTests/Pods-KakaoMapRxSwiftTests-frameworks-${CONFIGURATION}-input-files.xcfilelist",
			);
			name = "[CP] Embed Pods Frameworks";
			outputFileListPaths = (
				"${PODS_ROOT}/Target Support Files/Pods-KakaoMapRxSwiftTests/Pods-KakaoMapRxSwiftTests-frameworks-${CONFIGURATION}-output-files.xcfilelist",
			);
			runOnlyForDeploymentPostprocessing = 0;
			shellPath = /bin/sh;
			shellScript = "\"${PODS_ROOT}/Target Support Files/Pods-KakaoMapRxSwiftTests/Pods-KakaoMapRxSwiftTests-frameworks.sh\"\n";
			showEnvVarsInLog = 0;
		};
		ADF99E507A7AA8ACA0BB7218 /* [CP] Check Pods Manifest.lock */ = {
			isa = PBXShellScriptBuildPhase;
			buildActionMask = 2147483647;
			files = (
			);
			inputFileListPaths = (
			);
			inputPaths = (
				"${PODS_PODFILE_DIR_PATH}/Podfile.lock",
				"${PODS_ROOT}/Manifest.lock",
			);
			name = "[CP] Check Pods Manifest.lock";
			outputFileListPaths = (
			);
			outputPaths = (
				"$(DERIVED_FILE_DIR)/Pods-KakaoMapRxSwift-checkManifestLockResult.txt",
			);
			runOnlyForDeploymentPostprocessing = 0;
			shellPath = /bin/sh;
			shellScript = "diff \"${PODS_PODFILE_DIR_PATH}/Podfile.lock\" \"${PODS_ROOT}/Manifest.lock\" > /dev/null\nif [ $? != 0 ] ; then\n    # print error to STDERR\n    echo \"error: The sandbox is not in sync with the Podfile.lock. Run 'pod install' or update your CocoaPods installation.\" >&2\n    exit 1\nfi\n# This output is used by Xcode 'outputs' to avoid re-running this script phase.\necho \"SUCCESS\" > \"${SCRIPT_OUTPUT_FILE_0}\"\n";
			showEnvVarsInLog = 0;
		};
		EC984DB46879B4491C47C9A0 /* [CP] Check Pods Manifest.lock */ = {
			isa = PBXShellScriptBuildPhase;
			buildActionMask = 2147483647;
			files = (
			);
			inputFileListPaths = (
			);
			inputPaths = (
				"${PODS_PODFILE_DIR_PATH}/Podfile.lock",
				"${PODS_ROOT}/Manifest.lock",
			);
			name = "[CP] Check Pods Manifest.lock";
			outputFileListPaths = (
			);
			outputPaths = (
				"$(DERIVED_FILE_DIR)/Pods-KakaoMapRxSwiftTests-checkManifestLockResult.txt",
			);
			runOnlyForDeploymentPostprocessing = 0;
			shellPath = /bin/sh;
			shellScript = "diff \"${PODS_PODFILE_DIR_PATH}/Podfile.lock\" \"${PODS_ROOT}/Manifest.lock\" > /dev/null\nif [ $? != 0 ] ; then\n    # print error to STDERR\n    echo \"error: The sandbox is not in sync with the Podfile.lock. Run 'pod install' or update your CocoaPods installation.\" >&2\n    exit 1\nfi\n# This output is used by Xcode 'outputs' to avoid re-running this script phase.\necho \"SUCCESS\" > \"${SCRIPT_OUTPUT_FILE_0}\"\n";
			showEnvVarsInLog = 0;
		};
/* End PBXShellScriptBuildPhase section */

/* Begin PBXSourcesBuildPhase section */
		1E5130852810C03500857F54 /* Sources */ = {
			isa = PBXSourcesBuildPhase;
			buildActionMask = 2147483647;
			files = (
				1E5130F72810C5C600857F54 /* LocationData.swift in Sources */,
				1E7E4114281442A200B42429 /* DetailListBackgroundView.swift in Sources */,
				1E7E4116281442AF00B42429 /* DetailListBackgroundViewModel.swift in Sources */,
				1E5130FA2810C60A00857F54 /* KLDocument.swift in Sources */,
				1EC1AC64281526B800BED480 /* LocalNetwork.swift in Sources */,
				1E5130912810C03500857F54 /* LocationInformationViewController.swift in Sources */,
				1E4F57382810CBCE00ED0397 /* MTMapViewError.swift in Sources */,
				1EC1AC61281525BC00BED480 /* LocalAPI.swift in Sources */,
				1E7E4112281440FF00B42429 /* DetailListCell.swift in Sources */,
				1E51308D2810C03500857F54 /* AppDelegate.swift in Sources */,
				1E5130FC2810C66A00857F54 /* DetailListCellData.swift in Sources */,
				1EC1AC662815282200BED480 /* LocationInformationModel.swift in Sources */,
				1E51308F2810C03500857F54 /* SceneDelegate.swift in Sources */,
				1E5130FF2810C77E00857F54 /* LocationInformationViewModel.swift in Sources */,
			);
			runOnlyForDeploymentPostprocessing = 0;
		};
		1EC1ACA52815332F00BED480 /* Sources */ = {
			isa = PBXSourcesBuildPhase;
			buildActionMask = 2147483647;
			files = (
				1EC1ACAC2815332F00BED480 /* KakaoMapRxSwiftTests.swift in Sources */,
			);
			runOnlyForDeploymentPostprocessing = 0;
		};
/* End PBXSourcesBuildPhase section */

/* Begin PBXTargetDependency section */
		1EC1ACAE2815332F00BED480 /* PBXTargetDependency */ = {
			isa = PBXTargetDependency;
			target = 1E5130882810C03500857F54 /* KakaoMapRxSwift */;
			targetProxy = 1EC1ACAD2815332F00BED480 /* PBXContainerItemProxy */;
		};
/* End PBXTargetDependency section */

/* Begin PBXVariantGroup section */
		1E5130972810C03700857F54 /* LaunchScreen.storyboard */ = {
			isa = PBXVariantGroup;
			children = (
				1E5130982810C03700857F54 /* Base */,
			);
			name = LaunchScreen.storyboard;
			sourceTree = "<group>";
		};
/* End PBXVariantGroup section */

/* Begin XCBuildConfiguration section */
		1E51309B2810C03700857F54 /* Debug */ = {
			isa = XCBuildConfiguration;
			buildSettings = {
				ALWAYS_SEARCH_USER_PATHS = NO;
				CLANG_ANALYZER_NONNULL = YES;
				CLANG_ANALYZER_NUMBER_OBJECT_CONVERSION = YES_AGGRESSIVE;
				CLANG_CXX_LANGUAGE_STANDARD = "gnu++17";
				CLANG_CXX_LIBRARY = "libc++";
				CLANG_ENABLE_MODULES = YES;
				CLANG_ENABLE_OBJC_ARC = YES;
				CLANG_ENABLE_OBJC_WEAK = YES;
				CLANG_WARN_BLOCK_CAPTURE_AUTORELEASING = YES;
				CLANG_WARN_BOOL_CONVERSION = YES;
				CLANG_WARN_COMMA = YES;
				CLANG_WARN_CONSTANT_CONVERSION = YES;
				CLANG_WARN_DEPRECATED_OBJC_IMPLEMENTATIONS = YES;
				CLANG_WARN_DIRECT_OBJC_ISA_USAGE = YES_ERROR;
				CLANG_WARN_DOCUMENTATION_COMMENTS = YES;
				CLANG_WARN_EMPTY_BODY = YES;
				CLANG_WARN_ENUM_CONVERSION = YES;
				CLANG_WARN_INFINITE_RECURSION = YES;
				CLANG_WARN_INT_CONVERSION = YES;
				CLANG_WARN_NON_LITERAL_NULL_CONVERSION = YES;
				CLANG_WARN_OBJC_IMPLICIT_RETAIN_SELF = YES;
				CLANG_WARN_OBJC_LITERAL_CONVERSION = YES;
				CLANG_WARN_OBJC_ROOT_CLASS = YES_ERROR;
				CLANG_WARN_QUOTED_INCLUDE_IN_FRAMEWORK_HEADER = YES;
				CLANG_WARN_RANGE_LOOP_ANALYSIS = YES;
				CLANG_WARN_STRICT_PROTOTYPES = YES;
				CLANG_WARN_SUSPICIOUS_MOVE = YES;
				CLANG_WARN_UNGUARDED_AVAILABILITY = YES_AGGRESSIVE;
				CLANG_WARN_UNREACHABLE_CODE = YES;
				CLANG_WARN__DUPLICATE_METHOD_MATCH = YES;
				COPY_PHASE_STRIP = NO;
				DEBUG_INFORMATION_FORMAT = dwarf;
				ENABLE_STRICT_OBJC_MSGSEND = YES;
				ENABLE_TESTABILITY = YES;
				GCC_C_LANGUAGE_STANDARD = gnu11;
				GCC_DYNAMIC_NO_PIC = NO;
				GCC_NO_COMMON_BLOCKS = YES;
				GCC_OPTIMIZATION_LEVEL = 0;
				GCC_PREPROCESSOR_DEFINITIONS = (
					"DEBUG=1",
					"$(inherited)",
				);
				GCC_WARN_64_TO_32_BIT_CONVERSION = YES;
				GCC_WARN_ABOUT_RETURN_TYPE = YES_ERROR;
				GCC_WARN_UNDECLARED_SELECTOR = YES;
				GCC_WARN_UNINITIALIZED_AUTOS = YES_AGGRESSIVE;
				GCC_WARN_UNUSED_FUNCTION = YES;
				GCC_WARN_UNUSED_VARIABLE = YES;
				IPHONEOS_DEPLOYMENT_TARGET = 14.0;
				MTL_ENABLE_DEBUG_INFO = INCLUDE_SOURCE;
				MTL_FAST_MATH = YES;
				ONLY_ACTIVE_ARCH = YES;
				SDKROOT = iphoneos;
				SWIFT_ACTIVE_COMPILATION_CONDITIONS = DEBUG;
				SWIFT_OPTIMIZATION_LEVEL = "-Onone";
			};
			name = Debug;
		};
		1E51309C2810C03700857F54 /* Release */ = {
			isa = XCBuildConfiguration;
			buildSettings = {
				ALWAYS_SEARCH_USER_PATHS = NO;
				CLANG_ANALYZER_NONNULL = YES;
				CLANG_ANALYZER_NUMBER_OBJECT_CONVERSION = YES_AGGRESSIVE;
				CLANG_CXX_LANGUAGE_STANDARD = "gnu++17";
				CLANG_CXX_LIBRARY = "libc++";
				CLANG_ENABLE_MODULES = YES;
				CLANG_ENABLE_OBJC_ARC = YES;
				CLANG_ENABLE_OBJC_WEAK = YES;
				CLANG_WARN_BLOCK_CAPTURE_AUTORELEASING = YES;
				CLANG_WARN_BOOL_CONVERSION = YES;
				CLANG_WARN_COMMA = YES;
				CLANG_WARN_CONSTANT_CONVERSION = YES;
				CLANG_WARN_DEPRECATED_OBJC_IMPLEMENTATIONS = YES;
				CLANG_WARN_DIRECT_OBJC_ISA_USAGE = YES_ERROR;
				CLANG_WARN_DOCUMENTATION_COMMENTS = YES;
				CLANG_WARN_EMPTY_BODY = YES;
				CLANG_WARN_ENUM_CONVERSION = YES;
				CLANG_WARN_INFINITE_RECURSION = YES;
				CLANG_WARN_INT_CONVERSION = YES;
				CLANG_WARN_NON_LITERAL_NULL_CONVERSION = YES;
				CLANG_WARN_OBJC_IMPLICIT_RETAIN_SELF = YES;
				CLANG_WARN_OBJC_LITERAL_CONVERSION = YES;
				CLANG_WARN_OBJC_ROOT_CLASS = YES_ERROR;
				CLANG_WARN_QUOTED_INCLUDE_IN_FRAMEWORK_HEADER = YES;
				CLANG_WARN_RANGE_LOOP_ANALYSIS = YES;
				CLANG_WARN_STRICT_PROTOTYPES = YES;
				CLANG_WARN_SUSPICIOUS_MOVE = YES;
				CLANG_WARN_UNGUARDED_AVAILABILITY = YES_AGGRESSIVE;
				CLANG_WARN_UNREACHABLE_CODE = YES;
				CLANG_WARN__DUPLICATE_METHOD_MATCH = YES;
				COPY_PHASE_STRIP = NO;
				DEBUG_INFORMATION_FORMAT = "dwarf-with-dsym";
				ENABLE_NS_ASSERTIONS = NO;
				ENABLE_STRICT_OBJC_MSGSEND = YES;
				GCC_C_LANGUAGE_STANDARD = gnu11;
				GCC_NO_COMMON_BLOCKS = YES;
				GCC_WARN_64_TO_32_BIT_CONVERSION = YES;
				GCC_WARN_ABOUT_RETURN_TYPE = YES_ERROR;
				GCC_WARN_UNDECLARED_SELECTOR = YES;
				GCC_WARN_UNINITIALIZED_AUTOS = YES_AGGRESSIVE;
				GCC_WARN_UNUSED_FUNCTION = YES;
				GCC_WARN_UNUSED_VARIABLE = YES;
				IPHONEOS_DEPLOYMENT_TARGET = 14.0;
				MTL_ENABLE_DEBUG_INFO = NO;
				MTL_FAST_MATH = YES;
				SDKROOT = iphoneos;
				SWIFT_COMPILATION_MODE = wholemodule;
				SWIFT_OPTIMIZATION_LEVEL = "-O";
				VALIDATE_PRODUCT = YES;
			};
			name = Release;
		};
		1E51309E2810C03700857F54 /* Debug */ = {
			isa = XCBuildConfiguration;
			baseConfigurationReference = 7A135976ACE125E74A933085 /* Pods-KakaoMapRxSwift.debug.xcconfig */;
			buildSettings = {
				ASSETCATALOG_COMPILER_APPICON_NAME = AppIcon;
				ASSETCATALOG_COMPILER_GLOBAL_ACCENT_COLOR_NAME = AccentColor;
				CLANG_ENABLE_OBJC_ARC = NO;
				CODE_SIGN_STYLE = Automatic;
				CURRENT_PROJECT_VERSION = 1;
				DEVELOPMENT_TEAM = 4FTFKXF8N5;
				ENABLE_TESTING_SEARCH_PATHS = YES;
				FRAMEWORK_SEARCH_PATHS = (
					"$(inherited)",
					"$(PROJECT_DIR)/DaumMap.embeddedframework",
				);
				GENERATE_INFOPLIST_FILE = YES;
				INFOPLIST_FILE = KakaoMapRxSwift/Info.plist;
				INFOPLIST_KEY_UIApplicationSupportsIndirectInputEvents = YES;
				INFOPLIST_KEY_UILaunchStoryboardName = LaunchScreen;
				INFOPLIST_KEY_UIMainStoryboardFile = LaunchScreen;
				INFOPLIST_KEY_UISupportedInterfaceOrientations_iPad = "UIInterfaceOrientationPortrait UIInterfaceOrientationPortraitUpsideDown UIInterfaceOrientationLandscapeLeft UIInterfaceOrientationLandscapeRight";
				INFOPLIST_KEY_UISupportedInterfaceOrientations_iPhone = "UIInterfaceOrientationPortrait UIInterfaceOrientationLandscapeLeft UIInterfaceOrientationLandscapeRight";
				LD_RUNPATH_SEARCH_PATHS = (
					"$(inherited)",
					"@executable_path/Frameworks",
				);
				MARKETING_VERSION = 1.0;
				PRODUCT_BUNDLE_IDENTIFIER = com.jeongminkim.KakaoMapRxSwift;
				PRODUCT_NAME = "$(TARGET_NAME)";
				SWIFT_EMIT_LOC_STRINGS = YES;
				SWIFT_OBJC_BRIDGING_HEADER = /Users/jeongminkim/Desktop/Practice/KakaoMapRxSwift/KakaoMapRxSwift/BridgingHeader.h;
				SWIFT_VERSION = 5.0;
				TARGETED_DEVICE_FAMILY = 1;
			};
			name = Debug;
		};
		1E51309F2810C03700857F54 /* Release */ = {
			isa = XCBuildConfiguration;
			baseConfigurationReference = 261F504470633492F2BC4F67 /* Pods-KakaoMapRxSwift.release.xcconfig */;
			buildSettings = {
				ASSETCATALOG_COMPILER_APPICON_NAME = AppIcon;
				ASSETCATALOG_COMPILER_GLOBAL_ACCENT_COLOR_NAME = AccentColor;
				CLANG_ENABLE_OBJC_ARC = NO;
				CODE_SIGN_STYLE = Automatic;
				CURRENT_PROJECT_VERSION = 1;
				DEVELOPMENT_TEAM = 4FTFKXF8N5;
				ENABLE_TESTING_SEARCH_PATHS = YES;
				FRAMEWORK_SEARCH_PATHS = (
					"$(inherited)",
					"$(PROJECT_DIR)/DaumMap.embeddedframework",
				);
				GENERATE_INFOPLIST_FILE = YES;
				INFOPLIST_FILE = KakaoMapRxSwift/Info.plist;
				INFOPLIST_KEY_UIApplicationSupportsIndirectInputEvents = YES;
				INFOPLIST_KEY_UILaunchStoryboardName = LaunchScreen;
				INFOPLIST_KEY_UIMainStoryboardFile = LaunchScreen;
				INFOPLIST_KEY_UISupportedInterfaceOrientations_iPad = "UIInterfaceOrientationPortrait UIInterfaceOrientationPortraitUpsideDown UIInterfaceOrientationLandscapeLeft UIInterfaceOrientationLandscapeRight";
				INFOPLIST_KEY_UISupportedInterfaceOrientations_iPhone = "UIInterfaceOrientationPortrait UIInterfaceOrientationLandscapeLeft UIInterfaceOrientationLandscapeRight";
				LD_RUNPATH_SEARCH_PATHS = (
					"$(inherited)",
					"@executable_path/Frameworks",
				);
				MARKETING_VERSION = 1.0;
				PRODUCT_BUNDLE_IDENTIFIER = com.jeongminkim.KakaoMapRxSwift;
				PRODUCT_NAME = "$(TARGET_NAME)";
				SWIFT_EMIT_LOC_STRINGS = YES;
				SWIFT_OBJC_BRIDGING_HEADER = /Users/jeongminkim/Desktop/Practice/KakaoMapRxSwift/KakaoMapRxSwift/BridgingHeader.h;
				SWIFT_VERSION = 5.0;
				TARGETED_DEVICE_FAMILY = 1;
			};
			name = Release;
		};
		1EC1ACB02815332F00BED480 /* Debug */ = {
			isa = XCBuildConfiguration;
			baseConfigurationReference = C379DD9A23C46F9D1EAC1DCD /* Pods-KakaoMapRxSwiftTests.debug.xcconfig */;
			buildSettings = {
				BUNDLE_LOADER = "$(TEST_HOST)";
				CODE_SIGN_STYLE = Automatic;
				CURRENT_PROJECT_VERSION = 1;
				DEVELOPMENT_TEAM = 4FTFKXF8N5;
				GENERATE_INFOPLIST_FILE = YES;
				IPHONEOS_DEPLOYMENT_TARGET = 15.2;
				MARKETING_VERSION = 1.0;
				PRODUCT_BUNDLE_IDENTIFIER = com.jeongminkim.KakaoMapRxSwiftTests;
				PRODUCT_NAME = "$(TARGET_NAME)";
				SWIFT_EMIT_LOC_STRINGS = NO;
				SWIFT_VERSION = 5.0;
				TARGETED_DEVICE_FAMILY = "1,2";
				TEST_HOST = "$(BUILT_PRODUCTS_DIR)/KakaoMapRxSwift.app/KakaoMapRxSwift";
			};
			name = Debug;
		};
		1EC1ACB12815332F00BED480 /* Release */ = {
			isa = XCBuildConfiguration;
			baseConfigurationReference = 2F0C3F54CA46EF946EB7648F /* Pods-KakaoMapRxSwiftTests.release.xcconfig */;
			buildSettings = {
				BUNDLE_LOADER = "$(TEST_HOST)";
				CODE_SIGN_STYLE = Automatic;
				CURRENT_PROJECT_VERSION = 1;
				DEVELOPMENT_TEAM = 4FTFKXF8N5;
				GENERATE_INFOPLIST_FILE = YES;
				IPHONEOS_DEPLOYMENT_TARGET = 15.2;
				MARKETING_VERSION = 1.0;
				PRODUCT_BUNDLE_IDENTIFIER = com.jeongminkim.KakaoMapRxSwiftTests;
				PRODUCT_NAME = "$(TARGET_NAME)";
				SWIFT_EMIT_LOC_STRINGS = NO;
				SWIFT_VERSION = 5.0;
				TARGETED_DEVICE_FAMILY = "1,2";
				TEST_HOST = "$(BUILT_PRODUCTS_DIR)/KakaoMapRxSwift.app/KakaoMapRxSwift";
			};
			name = Release;
		};
/* End XCBuildConfiguration section */

/* Begin XCConfigurationList section */
		1E5130842810C03500857F54 /* Build configuration list for PBXProject "KakaoMapRxSwift" */ = {
			isa = XCConfigurationList;
			buildConfigurations = (
				1E51309B2810C03700857F54 /* Debug */,
				1E51309C2810C03700857F54 /* Release */,
			);
			defaultConfigurationIsVisible = 0;
			defaultConfigurationName = Release;
		};
		1E51309D2810C03700857F54 /* Build configuration list for PBXNativeTarget "KakaoMapRxSwift" */ = {
			isa = XCConfigurationList;
			buildConfigurations = (
				1E51309E2810C03700857F54 /* Debug */,
				1E51309F2810C03700857F54 /* Release */,
			);
			defaultConfigurationIsVisible = 0;
			defaultConfigurationName = Release;
		};
		1EC1ACAF2815332F00BED480 /* Build configuration list for PBXNativeTarget "KakaoMapRxSwiftTests" */ = {
			isa = XCConfigurationList;
			buildConfigurations = (
				1EC1ACB02815332F00BED480 /* Debug */,
				1EC1ACB12815332F00BED480 /* Release */,
			);
			defaultConfigurationIsVisible = 0;
			defaultConfigurationName = Release;
		};
/* End XCConfigurationList section */
	};
	rootObject = 1E5130812810C03500857F54 /* Project object */;
}
